
Microsoft Visual Studio Solution File, Format Version 12.00
# Visual Studio Version 17
VisualStudioVersion = 17.7.34031.279
MinimumVisualStudioVersion = 10.0.40219.1
Project("{8BC9CEB8-8B4A-11D0-8D11-00A0C91BC942}") = "test_1", "test_1\test_1.vcxproj", "{A15C2FC0-ABBB-44D3-9F16-D5428A3B7D1C}"
EndProject
Global
	GlobalSection(SolutionConfigurationPlatforms) = preSolution
		Debug|x64 = Debug|x64
		Debug|x86 = Debug|x86
		Release|x64 = Release|x64
		Release|x86 = Release|x86
	EndGlobalSection
	GlobalSection(ProjectConfigurationPlatforms) = postSolution
		{A15C2FC0-ABBB-44D3-9F16-D5428A3B7D1C}.Debug|x64.ActiveCfg = Debug|x64
		{A15C2FC0-ABBB-44D3-9F16-D5428A3B7D1C}.Debug|x64.Build.0 = Debug|x64
		{A15C2FC0-ABBB-44D3-9F16-D5428A3B7D1C}.Debug|x86.ActiveCfg = Debug|Win32
		{A15C2FC0-ABBB-44D3-9F16-D5428A3B7D1C}.Debug|x86.Build.0 = Debug|Win32
		{A15C2FC0-ABBB-44D3-9F16-D5428A3B7D1C}.Release|x64.ActiveCfg = Release|x64
		{A15C2FC0-ABBB-44D3-9F16-D5428A3B7D1C}.Release|x64.Build.0 = Release|x64
		{A15C2FC0-ABBB-44D3-9F16-D5428A3B7D1C}.Release|x86.ActiveCfg = Release|Win32
		{A15C2FC0-ABBB-44D3-9F16-D5428A3B7D1C}.Release|x86.Build.0 = Release|Win32
	EndGlobalSection
	GlobalSection(SolutionProperties) = preSolution
		HideSolutionNode = FALSE
	EndGlobalSection
	GlobalSection(ExtensibilityGlobals) = postSolution
		SolutionGuid = {0D668058-C190-4102-999F-903CBF22317C}
	EndGlobalSection
EndGlobal
